
Microsoft Visual Studio Solution File, Format Version 12.00
# Visual Studio 15
VisualStudioVersion = 15.0.26124.0
MinimumVisualStudioVersion = 15.0.26124.0
Project("{2150E333-8FDC-42A3-9474-1A3956D46DE8}") = "src", "src", "{B9BA151A-AD3D-42C6-8CEB-393764093FF8}"
EndProject
Project("{FAE04EC0-301F-11D3-BF4B-00C04F79EFBC}") = "PalTracker", "src\PalTracker\PalTracker.csproj", "{5A13F7B2-6C67-4806-A2AA-CC52ABFA4437}"
EndProject
Project("{2150E333-8FDC-42A3-9474-1A3956D46DE8}") = "test", "test", "{35664628-74DF-4EA6-BAB8-1A09BD4BC87C}"
EndProject
Project("{FAE04EC0-301F-11D3-BF4B-00C04F79EFBC}") = "PalTrackerTests", "test\PalTrackerTests\PalTrackerTests.csproj", "{9BFF571D-A068-48FA-A825-73CF87D053D8}"
EndProject
Global
	GlobalSection(SolutionConfigurationPlatforms) = preSolution
		Debug|Any CPU = Debug|Any CPU
		Debug|x64 = Debug|x64
		Debug|x86 = Debug|x86
		Release|Any CPU = Release|Any CPU
		Release|x64 = Release|x64
		Release|x86 = Release|x86
	EndGlobalSection
	GlobalSection(SolutionProperties) = preSolution
		HideSolutionNode = FALSE
	EndGlobalSection
	GlobalSection(ProjectConfigurationPlatforms) = postSolution
		{5A13F7B2-6C67-4806-A2AA-CC52ABFA4437}.Debug|Any CPU.ActiveCfg = Debug|Any CPU
		{5A13F7B2-6C67-4806-A2AA-CC52ABFA4437}.Debug|Any CPU.Build.0 = Debug|Any CPU
		{5A13F7B2-6C67-4806-A2AA-CC52ABFA4437}.Debug|x64.ActiveCfg = Debug|Any CPU
		{5A13F7B2-6C67-4806-A2AA-CC52ABFA4437}.Debug|x64.Build.0 = Debug|Any CPU
		{5A13F7B2-6C67-4806-A2AA-CC52ABFA4437}.Debug|x86.ActiveCfg = Debug|Any CPU
		{5A13F7B2-6C67-4806-A2AA-CC52ABFA4437}.Debug|x86.Build.0 = Debug|Any CPU
		{5A13F7B2-6C67-4806-A2AA-CC52ABFA4437}.Release|Any CPU.ActiveCfg = Release|Any CPU
		{5A13F7B2-6C67-4806-A2AA-CC52ABFA4437}.Release|Any CPU.Build.0 = Release|Any CPU
		{5A13F7B2-6C67-4806-A2AA-CC52ABFA4437}.Release|x64.ActiveCfg = Release|Any CPU
		{5A13F7B2-6C67-4806-A2AA-CC52ABFA4437}.Release|x64.Build.0 = Release|Any CPU
		{5A13F7B2-6C67-4806-A2AA-CC52ABFA4437}.Release|x86.ActiveCfg = Release|Any CPU
		{5A13F7B2-6C67-4806-A2AA-CC52ABFA4437}.Release|x86.Build.0 = Release|Any CPU
		{9BFF571D-A068-48FA-A825-73CF87D053D8}.Debug|Any CPU.ActiveCfg = Debug|Any CPU
		{9BFF571D-A068-48FA-A825-73CF87D053D8}.Debug|Any CPU.Build.0 = Debug|Any CPU
		{9BFF571D-A068-48FA-A825-73CF87D053D8}.Debug|x64.ActiveCfg = Debug|Any CPU
		{9BFF571D-A068-48FA-A825-73CF87D053D8}.Debug|x64.Build.0 = Debug|Any CPU
		{9BFF571D-A068-48FA-A825-73CF87D053D8}.Debug|x86.ActiveCfg = Debug|Any CPU
		{9BFF571D-A068-48FA-A825-73CF87D053D8}.Debug|x86.Build.0 = Debug|Any CPU
		{9BFF571D-A068-48FA-A825-73CF87D053D8}.Release|Any CPU.ActiveCfg = Release|Any CPU
		{9BFF571D-A068-48FA-A825-73CF87D053D8}.Release|Any CPU.Build.0 = Release|Any CPU
		{9BFF571D-A068-48FA-A825-73CF87D053D8}.Release|x64.ActiveCfg = Release|Any CPU
		{9BFF571D-A068-48FA-A825-73CF87D053D8}.Release|x64.Build.0 = Release|Any CPU
		{9BFF571D-A068-48FA-A825-73CF87D053D8}.Release|x86.ActiveCfg = Release|Any CPU
		{9BFF571D-A068-48FA-A825-73CF87D053D8}.Release|x86.Build.0 = Release|Any CPU
	EndGlobalSection
	GlobalSection(NestedProjects) = preSolution
		{5A13F7B2-6C67-4806-A2AA-CC52ABFA4437} = {B9BA151A-AD3D-42C6-8CEB-393764093FF8}
		{9BFF571D-A068-48FA-A825-73CF87D053D8} = {35664628-74DF-4EA6-BAB8-1A09BD4BC87C}
	EndGlobalSection
EndGlobal
